
Microsoft Visual Studio Solution File, Format Version 12.00
# Visual Studio Version 17
VisualStudioVersion = 17.1.32328.378
MinimumVisualStudioVersion = 10.0.40219.1
Project("{9A19103F-16F7-4668-BE54-9A1E7A4F7556}") = "Locking", "ThreadsTask\Locking.csproj", "{2B775D96-3E31-4329-B1A0-00889F4E8ED3}"
EndProject
Project("{2150E333-8FDC-42A3-9474-1A3956D46DE8}") = "UsingLocking", "UsingLocking", "{8A08B2D1-55C5-4B02-8191-565E4D054641}"
EndProject
Project("{2150E333-8FDC-42A3-9474-1A3956D46DE8}") = "UsingAutoResetEvent", "UsingAutoResetEvent", "{0318D65B-00A5-4539-B906-DF5DED0CCE06}"
EndProject
Project("{FAE04EC0-301F-11D3-BF4B-00C04F79EFBC}") = "AutoResetEventTask", "AutoResetEventTask\AutoResetEventTask.csproj", "{D5FAE896-7A95-49D7-AF08-FC47D2B88E79}"
EndProject
Project("{2150E333-8FDC-42A3-9474-1A3956D46DE8}") = "UsingMutex", "UsingMutex", "{A5388926-5905-4F0B-B0AB-DFF1D7058B85}"
EndProject
Project("{FAE04EC0-301F-11D3-BF4B-00C04F79EFBC}") = "MutexTask", "MutexTask\MutexTask.csproj", "{F535E19F-1F12-4962-AEE4-52C8E65AED8D}"
EndProject
Global
	GlobalSection(SolutionConfigurationPlatforms) = preSolution
		Debug|Any CPU = Debug|Any CPU
		Release|Any CPU = Release|Any CPU
	EndGlobalSection
	GlobalSection(ProjectConfigurationPlatforms) = postSolution
		{2B775D96-3E31-4329-B1A0-00889F4E8ED3}.Debug|Any CPU.ActiveCfg = Debug|Any CPU
		{2B775D96-3E31-4329-B1A0-00889F4E8ED3}.Debug|Any CPU.Build.0 = Debug|Any CPU
		{2B775D96-3E31-4329-B1A0-00889F4E8ED3}.Release|Any CPU.ActiveCfg = Release|Any CPU
		{2B775D96-3E31-4329-B1A0-00889F4E8ED3}.Release|Any CPU.Build.0 = Release|Any CPU
		{D5FAE896-7A95-49D7-AF08-FC47D2B88E79}.Debug|Any CPU.ActiveCfg = Debug|Any CPU
		{D5FAE896-7A95-49D7-AF08-FC47D2B88E79}.Debug|Any CPU.Build.0 = Debug|Any CPU
		{D5FAE896-7A95-49D7-AF08-FC47D2B88E79}.Release|Any CPU.ActiveCfg = Release|Any CPU
		{D5FAE896-7A95-49D7-AF08-FC47D2B88E79}.Release|Any CPU.Build.0 = Release|Any CPU
		{F535E19F-1F12-4962-AEE4-52C8E65AED8D}.Debug|Any CPU.ActiveCfg = Debug|Any CPU
		{F535E19F-1F12-4962-AEE4-52C8E65AED8D}.Debug|Any CPU.Build.0 = Debug|Any CPU
		{F535E19F-1F12-4962-AEE4-52C8E65AED8D}.Release|Any CPU.ActiveCfg = Release|Any CPU
		{F535E19F-1F12-4962-AEE4-52C8E65AED8D}.Release|Any CPU.Build.0 = Release|Any CPU
	EndGlobalSection
	GlobalSection(SolutionProperties) = preSolution
		HideSolutionNode = FALSE
	EndGlobalSection
	GlobalSection(NestedProjects) = preSolution
		{2B775D96-3E31-4329-B1A0-00889F4E8ED3} = {8A08B2D1-55C5-4B02-8191-565E4D054641}
		{D5FAE896-7A95-49D7-AF08-FC47D2B88E79} = {0318D65B-00A5-4539-B906-DF5DED0CCE06}
		{F535E19F-1F12-4962-AEE4-52C8E65AED8D} = {A5388926-5905-4F0B-B0AB-DFF1D7058B85}
	EndGlobalSection
	GlobalSection(ExtensibilityGlobals) = postSolution
		SolutionGuid = {DA37D260-C71B-43AB-9383-16388E501257}
	EndGlobalSection
EndGlobal
