
Microsoft Visual Studio Solution File, Format Version 12.00
# Visual Studio Version 17
VisualStudioVersion = 17.1.32328.378
MinimumVisualStudioVersion = 10.0.40219.1
Project("{9A19103F-16F7-4668-BE54-9A1E7A4F7556}") = "Locking", "ThreadsTask\Locking.csproj", "{2B775D96-3E31-4329-B1A0-00889F4E8ED3}"
EndProject
Project("{2150E333-8FDC-42A3-9474-1A3956D46DE8}") = "UsingLocking", "UsingLocking", "{8A08B2D1-55C5-4B02-8191-565E4D054641}"
EndProject
Project("{2150E333-8FDC-42A3-9474-1A3956D46DE8}") = "UsingAutoResetEvent", "UsingAutoResetEvent", "{0318D65B-00A5-4539-B906-DF5DED0CCE06}"
EndProject
Project("{9A19103F-16F7-4668-BE54-9A1E7A4F7556}") = "AutoResetEventTask", "AutoResetEventTask\AutoResetEventTask.csproj", "{D5FAE896-7A95-49D7-AF08-FC47D2B88E79}"
EndProject
Project("{2150E333-8FDC-42A3-9474-1A3956D46DE8}") = "UsingMutex", "UsingMutex", "{A5388926-5905-4F0B-B0AB-DFF1D7058B85}"
EndProject
Project("{9A19103F-16F7-4668-BE54-9A1E7A4F7556}") = "MutexTask", "MutexTask\MutexTask.csproj", "{F535E19F-1F12-4962-AEE4-52C8E65AED8D}"
EndProject
Project("{2150E333-8FDC-42A3-9474-1A3956D46DE8}") = "UsingSemaphoreSlim", "UsingSemaphoreSlim", "{62986BBD-43EF-4440-8A08-C27D582D7CF4}"
EndProject
Project("{9A19103F-16F7-4668-BE54-9A1E7A4F7556}") = "SemaphoreSlimTask", "SemaphoreSlimTask\SemaphoreSlimTask.csproj", "{38702AC8-FBB0-48CB-A453-B0707C4E5B1B}"
EndProject
Project("{2150E333-8FDC-42A3-9474-1A3956D46DE8}") = "UsingManualResetEvent", "UsingManualResetEvent", "{F59D5854-A4CA-4137-B06A-58F09D21075E}"
EndProject
Project("{9A19103F-16F7-4668-BE54-9A1E7A4F7556}") = "ManualResetEventTask", "ManualResetEventTask\ManualResetEventTask.csproj", "{48C77319-5F2F-4248-8C40-9FD576045079}"
EndProject
Project("{2150E333-8FDC-42A3-9474-1A3956D46DE8}") = "UsingCountdownEvent", "UsingCountdownEvent", "{EFDA410F-1DFC-4874-A8B5-4328E3F63A76}"
EndProject
Project("{9A19103F-16F7-4668-BE54-9A1E7A4F7556}") = "CountdownEventTask", "CountdownEventTask\CountdownEventTask.csproj", "{04939F78-8B56-4782-9607-E25F34627EC6}"
EndProject
Project("{2150E333-8FDC-42A3-9474-1A3956D46DE8}") = "UsingCancellationTokenSource", "UsingCancellationTokenSource", "{2893393D-7119-4C85-9CB9-EF52D54CB7D1}"
EndProject
Project("{9A19103F-16F7-4668-BE54-9A1E7A4F7556}") = "CancellationTokenSourceTask", "CancellationTokenSourceTask\CancellationTokenSourceTask.csproj", "{096C7BDA-CA45-41D1-B78C-D84269DE7AC0}"
EndProject
Project("{2150E333-8FDC-42A3-9474-1A3956D46DE8}") = "UsingBackgroundWorker", "UsingBackgroundWorker", "{D9E42AA3-92CA-467A-9655-BCD311448BC7}"
EndProject
Project("{9A19103F-16F7-4668-BE54-9A1E7A4F7556}") = "BackgroundWorkerTask", "BackgroundWorkerTask\BackgroundWorkerTask.csproj", "{023B97AA-3B15-4643-9685-36B4A90662F7}"
EndProject
Project("{2150E333-8FDC-42A3-9474-1A3956D46DE8}") = "UsingPLINQ", "UsingPLINQ", "{48AD85CA-9CCA-4E85-B76A-5F2B46555AD6}"
EndProject
Project("{9A19103F-16F7-4668-BE54-9A1E7A4F7556}") = "PLINQTask", "PLINQTask\PLINQTask.csproj", "{FFF16D6E-E058-4949-98A8-AA47A1CA6DE2}"
EndProject
Project("{2150E333-8FDC-42A3-9474-1A3956D46DE8}") = "UsingParallel", "UsingParallel", "{0DB0BD36-A9FF-4C2D-8C05-E4523CAD4E8F}"
EndProject
Project("{9A19103F-16F7-4668-BE54-9A1E7A4F7556}") = "ParallelTask", "ParallelInvokeForForEachTask\ParallelTask.csproj", "{6437BA68-D384-48D0-9EAA-0BBE92B61D29}"
EndProject
Project("{2150E333-8FDC-42A3-9474-1A3956D46DE8}") = "UsingTaskParallelism", "UsingTaskParallelism", "{E10BFDFB-6EF6-4F54-B873-807C7D351483}"
EndProject
Project("{9A19103F-16F7-4668-BE54-9A1E7A4F7556}") = "TaskParallelism", "TaskParallelism\TaskParallelism.csproj", "{4F10D5FC-84D4-47EB-BD4F-FD19ACEBD0AA}"
EndProject
Project("{2150E333-8FDC-42A3-9474-1A3956D46DE8}") = "UsingTaskExceptionHandling", "UsingTaskExceptionHandling", "{F6BE829F-FB17-4695-A5EF-16FEC777D68B}"
EndProject
Project("{9A19103F-16F7-4668-BE54-9A1E7A4F7556}") = "ExceptionHandlingTask", "ExceptionHandlingTask\ExceptionHandlingTask.csproj", "{9323897F-2B99-4D65-947C-5F845141C03C}"
EndProject
Project("{2150E333-8FDC-42A3-9474-1A3956D46DE8}") = "UsingConcurrentCollections", "UsingConcurrentCollections", "{7ABA909A-F26B-46E9-A9FE-7FB5D7FAEF75}"
EndProject
Project("{FAE04EC0-301F-11D3-BF4B-00C04F79EFBC}") = "ConcurrentCollectionsTask", "ConcurrentCollectionsTask\ConcurrentCollectionsTask.csproj", "{0D401B9D-AAA3-4E67-BEA6-F94D15EB91FE}"
EndProject
Project("{2150E333-8FDC-42A3-9474-1A3956D46DE8}") = "UsingAsyncAwait", "UsingAsyncAwait", "{E092A713-DCBF-46BC-85FE-6CAE1E4FB02E}"
EndProject
Project("{FAE04EC0-301F-11D3-BF4B-00C04F79EFBC}") = "AsyncAwaitTask", "AsyncAwaitTask\AsyncAwaitTask.csproj", "{60D11511-68A0-43A0-BE06-C90DAC3EB37B}"
EndProject
Global
	GlobalSection(SolutionConfigurationPlatforms) = preSolution
		Debug|Any CPU = Debug|Any CPU
		Release|Any CPU = Release|Any CPU
	EndGlobalSection
	GlobalSection(ProjectConfigurationPlatforms) = postSolution
		{2B775D96-3E31-4329-B1A0-00889F4E8ED3}.Debug|Any CPU.ActiveCfg = Debug|Any CPU
		{2B775D96-3E31-4329-B1A0-00889F4E8ED3}.Debug|Any CPU.Build.0 = Debug|Any CPU
		{2B775D96-3E31-4329-B1A0-00889F4E8ED3}.Release|Any CPU.ActiveCfg = Release|Any CPU
		{2B775D96-3E31-4329-B1A0-00889F4E8ED3}.Release|Any CPU.Build.0 = Release|Any CPU
		{D5FAE896-7A95-49D7-AF08-FC47D2B88E79}.Debug|Any CPU.ActiveCfg = Debug|Any CPU
		{D5FAE896-7A95-49D7-AF08-FC47D2B88E79}.Debug|Any CPU.Build.0 = Debug|Any CPU
		{D5FAE896-7A95-49D7-AF08-FC47D2B88E79}.Release|Any CPU.ActiveCfg = Release|Any CPU
		{D5FAE896-7A95-49D7-AF08-FC47D2B88E79}.Release|Any CPU.Build.0 = Release|Any CPU
		{F535E19F-1F12-4962-AEE4-52C8E65AED8D}.Debug|Any CPU.ActiveCfg = Debug|Any CPU
		{F535E19F-1F12-4962-AEE4-52C8E65AED8D}.Debug|Any CPU.Build.0 = Debug|Any CPU
		{F535E19F-1F12-4962-AEE4-52C8E65AED8D}.Release|Any CPU.ActiveCfg = Release|Any CPU
		{F535E19F-1F12-4962-AEE4-52C8E65AED8D}.Release|Any CPU.Build.0 = Release|Any CPU
		{38702AC8-FBB0-48CB-A453-B0707C4E5B1B}.Debug|Any CPU.ActiveCfg = Debug|Any CPU
		{38702AC8-FBB0-48CB-A453-B0707C4E5B1B}.Debug|Any CPU.Build.0 = Debug|Any CPU
		{38702AC8-FBB0-48CB-A453-B0707C4E5B1B}.Release|Any CPU.ActiveCfg = Release|Any CPU
		{38702AC8-FBB0-48CB-A453-B0707C4E5B1B}.Release|Any CPU.Build.0 = Release|Any CPU
		{48C77319-5F2F-4248-8C40-9FD576045079}.Debug|Any CPU.ActiveCfg = Debug|Any CPU
		{48C77319-5F2F-4248-8C40-9FD576045079}.Debug|Any CPU.Build.0 = Debug|Any CPU
		{48C77319-5F2F-4248-8C40-9FD576045079}.Release|Any CPU.ActiveCfg = Release|Any CPU
		{48C77319-5F2F-4248-8C40-9FD576045079}.Release|Any CPU.Build.0 = Release|Any CPU
		{04939F78-8B56-4782-9607-E25F34627EC6}.Debug|Any CPU.ActiveCfg = Debug|Any CPU
		{04939F78-8B56-4782-9607-E25F34627EC6}.Debug|Any CPU.Build.0 = Debug|Any CPU
		{04939F78-8B56-4782-9607-E25F34627EC6}.Release|Any CPU.ActiveCfg = Release|Any CPU
		{04939F78-8B56-4782-9607-E25F34627EC6}.Release|Any CPU.Build.0 = Release|Any CPU
		{096C7BDA-CA45-41D1-B78C-D84269DE7AC0}.Debug|Any CPU.ActiveCfg = Debug|Any CPU
		{096C7BDA-CA45-41D1-B78C-D84269DE7AC0}.Debug|Any CPU.Build.0 = Debug|Any CPU
		{096C7BDA-CA45-41D1-B78C-D84269DE7AC0}.Release|Any CPU.ActiveCfg = Release|Any CPU
		{096C7BDA-CA45-41D1-B78C-D84269DE7AC0}.Release|Any CPU.Build.0 = Release|Any CPU
		{023B97AA-3B15-4643-9685-36B4A90662F7}.Debug|Any CPU.ActiveCfg = Debug|Any CPU
		{023B97AA-3B15-4643-9685-36B4A90662F7}.Debug|Any CPU.Build.0 = Debug|Any CPU
		{023B97AA-3B15-4643-9685-36B4A90662F7}.Release|Any CPU.ActiveCfg = Release|Any CPU
		{023B97AA-3B15-4643-9685-36B4A90662F7}.Release|Any CPU.Build.0 = Release|Any CPU
		{FFF16D6E-E058-4949-98A8-AA47A1CA6DE2}.Debug|Any CPU.ActiveCfg = Debug|Any CPU
		{FFF16D6E-E058-4949-98A8-AA47A1CA6DE2}.Debug|Any CPU.Build.0 = Debug|Any CPU
		{FFF16D6E-E058-4949-98A8-AA47A1CA6DE2}.Release|Any CPU.ActiveCfg = Release|Any CPU
		{FFF16D6E-E058-4949-98A8-AA47A1CA6DE2}.Release|Any CPU.Build.0 = Release|Any CPU
		{6437BA68-D384-48D0-9EAA-0BBE92B61D29}.Debug|Any CPU.ActiveCfg = Debug|Any CPU
		{6437BA68-D384-48D0-9EAA-0BBE92B61D29}.Debug|Any CPU.Build.0 = Debug|Any CPU
		{6437BA68-D384-48D0-9EAA-0BBE92B61D29}.Release|Any CPU.ActiveCfg = Release|Any CPU
		{6437BA68-D384-48D0-9EAA-0BBE92B61D29}.Release|Any CPU.Build.0 = Release|Any CPU
		{4F10D5FC-84D4-47EB-BD4F-FD19ACEBD0AA}.Debug|Any CPU.ActiveCfg = Debug|Any CPU
		{4F10D5FC-84D4-47EB-BD4F-FD19ACEBD0AA}.Debug|Any CPU.Build.0 = Debug|Any CPU
		{4F10D5FC-84D4-47EB-BD4F-FD19ACEBD0AA}.Release|Any CPU.ActiveCfg = Release|Any CPU
		{4F10D5FC-84D4-47EB-BD4F-FD19ACEBD0AA}.Release|Any CPU.Build.0 = Release|Any CPU
		{9323897F-2B99-4D65-947C-5F845141C03C}.Debug|Any CPU.ActiveCfg = Debug|Any CPU
		{9323897F-2B99-4D65-947C-5F845141C03C}.Debug|Any CPU.Build.0 = Debug|Any CPU
		{9323897F-2B99-4D65-947C-5F845141C03C}.Release|Any CPU.ActiveCfg = Release|Any CPU
		{9323897F-2B99-4D65-947C-5F845141C03C}.Release|Any CPU.Build.0 = Release|Any CPU
		{0D401B9D-AAA3-4E67-BEA6-F94D15EB91FE}.Debug|Any CPU.ActiveCfg = Debug|Any CPU
		{0D401B9D-AAA3-4E67-BEA6-F94D15EB91FE}.Debug|Any CPU.Build.0 = Debug|Any CPU
		{0D401B9D-AAA3-4E67-BEA6-F94D15EB91FE}.Release|Any CPU.ActiveCfg = Release|Any CPU
		{0D401B9D-AAA3-4E67-BEA6-F94D15EB91FE}.Release|Any CPU.Build.0 = Release|Any CPU
		{60D11511-68A0-43A0-BE06-C90DAC3EB37B}.Debug|Any CPU.ActiveCfg = Debug|Any CPU
		{60D11511-68A0-43A0-BE06-C90DAC3EB37B}.Debug|Any CPU.Build.0 = Debug|Any CPU
		{60D11511-68A0-43A0-BE06-C90DAC3EB37B}.Release|Any CPU.ActiveCfg = Release|Any CPU
		{60D11511-68A0-43A0-BE06-C90DAC3EB37B}.Release|Any CPU.Build.0 = Release|Any CPU
	EndGlobalSection
	GlobalSection(SolutionProperties) = preSolution
		HideSolutionNode = FALSE
	EndGlobalSection
	GlobalSection(NestedProjects) = preSolution
		{2B775D96-3E31-4329-B1A0-00889F4E8ED3} = {8A08B2D1-55C5-4B02-8191-565E4D054641}
		{D5FAE896-7A95-49D7-AF08-FC47D2B88E79} = {0318D65B-00A5-4539-B906-DF5DED0CCE06}
		{F535E19F-1F12-4962-AEE4-52C8E65AED8D} = {A5388926-5905-4F0B-B0AB-DFF1D7058B85}
		{38702AC8-FBB0-48CB-A453-B0707C4E5B1B} = {62986BBD-43EF-4440-8A08-C27D582D7CF4}
		{48C77319-5F2F-4248-8C40-9FD576045079} = {F59D5854-A4CA-4137-B06A-58F09D21075E}
		{04939F78-8B56-4782-9607-E25F34627EC6} = {EFDA410F-1DFC-4874-A8B5-4328E3F63A76}
		{096C7BDA-CA45-41D1-B78C-D84269DE7AC0} = {2893393D-7119-4C85-9CB9-EF52D54CB7D1}
		{023B97AA-3B15-4643-9685-36B4A90662F7} = {D9E42AA3-92CA-467A-9655-BCD311448BC7}
		{FFF16D6E-E058-4949-98A8-AA47A1CA6DE2} = {48AD85CA-9CCA-4E85-B76A-5F2B46555AD6}
		{6437BA68-D384-48D0-9EAA-0BBE92B61D29} = {0DB0BD36-A9FF-4C2D-8C05-E4523CAD4E8F}
		{4F10D5FC-84D4-47EB-BD4F-FD19ACEBD0AA} = {E10BFDFB-6EF6-4F54-B873-807C7D351483}
		{9323897F-2B99-4D65-947C-5F845141C03C} = {F6BE829F-FB17-4695-A5EF-16FEC777D68B}
		{0D401B9D-AAA3-4E67-BEA6-F94D15EB91FE} = {7ABA909A-F26B-46E9-A9FE-7FB5D7FAEF75}
		{60D11511-68A0-43A0-BE06-C90DAC3EB37B} = {E092A713-DCBF-46BC-85FE-6CAE1E4FB02E}
	EndGlobalSection
	GlobalSection(ExtensibilityGlobals) = postSolution
		SolutionGuid = {DA37D260-C71B-43AB-9383-16388E501257}
	EndGlobalSection
EndGlobal
