
Microsoft Visual Studio Solution File, Format Version 12.00
# Visual Studio Version 17
VisualStudioVersion = 17.1.32328.378
MinimumVisualStudioVersion = 10.0.40219.1
Project("{FAE04EC0-301F-11D3-BF4B-00C04F79EFBC}") = "Locking", "ThreadsTask\Locking.csproj", "{2B775D96-3E31-4329-B1A0-00889F4E8ED3}"
EndProject
Project("{2150E333-8FDC-42A3-9474-1A3956D46DE8}") = "UsingLocking", "UsingLocking", "{8A08B2D1-55C5-4B02-8191-565E4D054641}"
EndProject
Global
	GlobalSection(SolutionConfigurationPlatforms) = preSolution
		Debug|Any CPU = Debug|Any CPU
		Release|Any CPU = Release|Any CPU
	EndGlobalSection
	GlobalSection(ProjectConfigurationPlatforms) = postSolution
		{2B775D96-3E31-4329-B1A0-00889F4E8ED3}.Debug|Any CPU.ActiveCfg = Debug|Any CPU
		{2B775D96-3E31-4329-B1A0-00889F4E8ED3}.Debug|Any CPU.Build.0 = Debug|Any CPU
		{2B775D96-3E31-4329-B1A0-00889F4E8ED3}.Release|Any CPU.ActiveCfg = Release|Any CPU
		{2B775D96-3E31-4329-B1A0-00889F4E8ED3}.Release|Any CPU.Build.0 = Release|Any CPU
	EndGlobalSection
	GlobalSection(SolutionProperties) = preSolution
		HideSolutionNode = FALSE
	EndGlobalSection
	GlobalSection(NestedProjects) = preSolution
		{2B775D96-3E31-4329-B1A0-00889F4E8ED3} = {8A08B2D1-55C5-4B02-8191-565E4D054641}
	EndGlobalSection
	GlobalSection(ExtensibilityGlobals) = postSolution
		SolutionGuid = {DA37D260-C71B-43AB-9383-16388E501257}
	EndGlobalSection
EndGlobal
